
Microsoft Visual Studio Solution File, Format Version 12.00
# Visual Studio 15
VisualStudioVersion = 15.0.28307.852
MinimumVisualStudioVersion = 10.0.40219.1
Project("{9A19103F-16F7-4668-BE54-9A1E7A4F7556}") = "Domain", "Domain\Domain.csproj", "{671657CE-DAE4-4099-88F2-A476A53086D4}"
EndProject
Project("{9A19103F-16F7-4668-BE54-9A1E7A4F7556}") = "Infraestructure", "Infraestructure\Infraestructure.csproj", "{35797532-51AB-4379-8575-A6A6AE2AF7DB}"
EndProject
Project("{9A19103F-16F7-4668-BE54-9A1E7A4F7556}") = "Service", "Service\Service.csproj", "{1CDA3465-193F-47BF-A3B1-6CE427CE9B8B}"
EndProject
Project("{FAE04EC0-301F-11D3-BF4B-00C04F79EFBC}") = "Web", "Web\Web.csproj", "{B455F633-9DB5-44B9-8CE6-EDFDCCC5A3EC}"
EndProject
Global
	GlobalSection(SolutionConfigurationPlatforms) = preSolution
		Debug|Any CPU = Debug|Any CPU
		Release|Any CPU = Release|Any CPU
	EndGlobalSection
	GlobalSection(ProjectConfigurationPlatforms) = postSolution
		{671657CE-DAE4-4099-88F2-A476A53086D4}.Debug|Any CPU.ActiveCfg = Debug|Any CPU
		{671657CE-DAE4-4099-88F2-A476A53086D4}.Debug|Any CPU.Build.0 = Debug|Any CPU
		{671657CE-DAE4-4099-88F2-A476A53086D4}.Release|Any CPU.ActiveCfg = Release|Any CPU
		{671657CE-DAE4-4099-88F2-A476A53086D4}.Release|Any CPU.Build.0 = Release|Any CPU
		{35797532-51AB-4379-8575-A6A6AE2AF7DB}.Debug|Any CPU.ActiveCfg = Debug|Any CPU
		{35797532-51AB-4379-8575-A6A6AE2AF7DB}.Debug|Any CPU.Build.0 = Debug|Any CPU
		{35797532-51AB-4379-8575-A6A6AE2AF7DB}.Release|Any CPU.ActiveCfg = Release|Any CPU
		{35797532-51AB-4379-8575-A6A6AE2AF7DB}.Release|Any CPU.Build.0 = Release|Any CPU
		{1CDA3465-193F-47BF-A3B1-6CE427CE9B8B}.Debug|Any CPU.ActiveCfg = Debug|Any CPU
		{1CDA3465-193F-47BF-A3B1-6CE427CE9B8B}.Debug|Any CPU.Build.0 = Debug|Any CPU
		{1CDA3465-193F-47BF-A3B1-6CE427CE9B8B}.Release|Any CPU.ActiveCfg = Release|Any CPU
		{1CDA3465-193F-47BF-A3B1-6CE427CE9B8B}.Release|Any CPU.Build.0 = Release|Any CPU
		{B455F633-9DB5-44B9-8CE6-EDFDCCC5A3EC}.Debug|Any CPU.ActiveCfg = Debug|Any CPU
		{B455F633-9DB5-44B9-8CE6-EDFDCCC5A3EC}.Debug|Any CPU.Build.0 = Debug|Any CPU
		{B455F633-9DB5-44B9-8CE6-EDFDCCC5A3EC}.Release|Any CPU.ActiveCfg = Release|Any CPU
		{B455F633-9DB5-44B9-8CE6-EDFDCCC5A3EC}.Release|Any CPU.Build.0 = Release|Any CPU
	EndGlobalSection
	GlobalSection(SolutionProperties) = preSolution
		HideSolutionNode = FALSE
	EndGlobalSection
	GlobalSection(ExtensibilityGlobals) = postSolution
		SolutionGuid = {046B4E6E-11F3-42D4-8CFE-5B94836A9789}
	EndGlobalSection
EndGlobal
